
Microsoft Visual Studio Solution File, Format Version 12.00
# Visual Studio Version 16
VisualStudioVersion = 16.0.32929.386
MinimumVisualStudioVersion = 10.0.40219.1
Project("{FAE04EC0-301F-11D3-BF4B-00C04F79EFBC}") = "Git", "Git\Git.csproj", "{CCFB8F63-529F-48E4-82E9-762DC0792951}"
EndProject
Global
	GlobalSection(SolutionConfigurationPlatforms) = preSolution
		Debug|Any CPU = Debug|Any CPU
		Release|Any CPU = Release|Any CPU
	EndGlobalSection
	GlobalSection(ProjectConfigurationPlatforms) = postSolution
		{CCFB8F63-529F-48E4-82E9-762DC0792951}.Debug|Any CPU.ActiveCfg = Debug|Any CPU
		{CCFB8F63-529F-48E4-82E9-762DC0792951}.Debug|Any CPU.Build.0 = Debug|Any CPU
		{CCFB8F63-529F-48E4-82E9-762DC0792951}.Release|Any CPU.ActiveCfg = Release|Any CPU
		{CCFB8F63-529F-48E4-82E9-762DC0792951}.Release|Any CPU.Build.0 = Release|Any CPU
	EndGlobalSection
	GlobalSection(SolutionProperties) = preSolution
		HideSolutionNode = FALSE
	EndGlobalSection
	GlobalSection(ExtensibilityGlobals) = postSolution
		SolutionGuid = {7E11F584-E97A-4D30-A287-75944903702E}
	EndGlobalSection
EndGlobal
